version: 6
environments:
  default:
    channels:
    - url: https://conda.anaconda.org/conda-forge/
    packages:
      osx-arm64:
      - conda: https://conda.anaconda.org/conda-forge/osx-arm64/brotli-1.1.0-h5505292_3.conda
      - conda: https://conda.anaconda.org/conda-forge/osx-arm64/brotli-bin-1.1.0-h5505292_3.conda
      - conda: https://conda.anaconda.org/conda-forge/osx-arm64/bzip2-1.0.8-h99b78c6_7.conda
      - conda: https://conda.anaconda.org/conda-forge/osx-arm64/c-ares-1.34.5-h5505292_0.conda
      - conda: https://conda.anaconda.org/conda-forge/noarch/ca-certificates-2025.6.15-hbd8a1cb_0.conda
      - conda: https://conda.anaconda.org/conda-forge/osx-arm64/cartopy-0.24.0-py312hcd31e36_0.conda
      - conda: https://conda.anaconda.org/conda-forge/noarch/certifi-2025.6.15-pyhd8ed1ab_0.conda
      - conda: https://conda.anaconda.org/conda-forge/noarch/cmocean-4.0.3-pyhd8ed1ab_1.conda
      - conda: https://conda.anaconda.org/conda-forge/noarch/colorspacious-1.1.2-pyhecae5ae_1.conda
      - conda: https://conda.anaconda.org/conda-forge/osx-arm64/contourpy-1.3.2-py312hb23fbb9_0.conda
      - conda: https://conda.anaconda.org/conda-forge/noarch/cycler-0.12.1-pyhd8ed1ab_1.conda
      - conda: https://conda.anaconda.org/conda-forge/osx-arm64/fonttools-4.58.5-py312h998013c_0.conda
      - conda: https://conda.anaconda.org/conda-forge/osx-arm64/freetype-2.13.3-hce30654_1.conda
      - conda: https://conda.anaconda.org/conda-forge/osx-arm64/geos-3.13.1-hc9a1286_0.conda
      - conda: https://conda.anaconda.org/conda-forge/osx-arm64/kiwisolver-1.4.8-py312hb23fbb9_1.conda
      - conda: https://conda.anaconda.org/conda-forge/osx-arm64/krb5-1.21.3-h237132a_0.conda
      - conda: https://conda.anaconda.org/conda-forge/osx-arm64/lcms2-2.17-h7eeda09_0.conda
      - conda: https://conda.anaconda.org/conda-forge/osx-arm64/lerc-4.0.0-hd64df32_1.conda
      - conda: https://conda.anaconda.org/conda-forge/osx-arm64/libblas-3.9.0-32_h10e41b3_openblas.conda
      - conda: https://conda.anaconda.org/conda-forge/osx-arm64/libbrotlicommon-1.1.0-h5505292_3.conda
      - conda: https://conda.anaconda.org/conda-forge/osx-arm64/libbrotlidec-1.1.0-h5505292_3.conda
      - conda: https://conda.anaconda.org/conda-forge/osx-arm64/libbrotlienc-1.1.0-h5505292_3.conda
      - conda: https://conda.anaconda.org/conda-forge/osx-arm64/libcblas-3.9.0-32_hb3479ef_openblas.conda
      - conda: https://conda.anaconda.org/conda-forge/osx-arm64/libcurl-8.14.1-h73640d1_0.conda
      - conda: https://conda.anaconda.org/conda-forge/osx-arm64/libcxx-20.1.7-ha82da77_0.conda
      - conda: https://conda.anaconda.org/conda-forge/osx-arm64/libdeflate-1.24-h5773f1b_0.conda
      - conda: https://conda.anaconda.org/conda-forge/osx-arm64/libedit-3.1.20250104-pl5321hafb1f1b_0.conda
      - conda: https://conda.anaconda.org/conda-forge/osx-arm64/libev-4.33-h93a5062_2.conda
      - conda: https://conda.anaconda.org/conda-forge/osx-arm64/libexpat-2.7.0-h286801f_0.conda
      - conda: https://conda.anaconda.org/conda-forge/osx-arm64/libffi-3.4.6-h1da3d7d_1.conda
      - conda: https://conda.anaconda.org/conda-forge/osx-arm64/libfreetype-2.13.3-hce30654_1.conda
      - conda: https://conda.anaconda.org/conda-forge/osx-arm64/libfreetype6-2.13.3-h1d14073_1.conda
      - conda: https://conda.anaconda.org/conda-forge/osx-arm64/libgfortran-5.0.0-14_2_0_h6c33f7e_103.conda
      - conda: https://conda.anaconda.org/conda-forge/osx-arm64/libgfortran5-14.2.0-h6c33f7e_103.conda
      - conda: https://conda.anaconda.org/conda-forge/osx-arm64/libjpeg-turbo-3.1.0-h5505292_0.conda
      - conda: https://conda.anaconda.org/conda-forge/osx-arm64/liblapack-3.9.0-32_hc9a63f6_openblas.conda
      - conda: https://conda.anaconda.org/conda-forge/osx-arm64/liblzma-5.8.1-h39f12f2_2.conda
      - conda: https://conda.anaconda.org/conda-forge/osx-arm64/libnghttp2-1.64.0-h6d7220d_0.conda
      - conda: https://conda.anaconda.org/conda-forge/osx-arm64/libopenblas-0.3.30-openmp_hf332438_0.conda
      - conda: https://conda.anaconda.org/conda-forge/osx-arm64/libpng-1.6.50-h3783ad8_0.conda
      - conda: https://conda.anaconda.org/conda-forge/osx-arm64/libsqlite-3.50.2-h6fb428d_0.conda
      - conda: https://conda.anaconda.org/conda-forge/osx-arm64/libssh2-1.11.1-h1590b86_0.conda
      - conda: https://conda.anaconda.org/conda-forge/osx-arm64/libtiff-4.7.0-h2f21f7c_5.conda
      - conda: https://conda.anaconda.org/conda-forge/osx-arm64/libwebp-base-1.5.0-h2471fea_0.conda
      - conda: https://conda.anaconda.org/conda-forge/osx-arm64/libxcb-1.17.0-hdb1d25a_0.conda
      - conda: https://conda.anaconda.org/conda-forge/osx-arm64/libzlib-1.3.1-h8359307_2.conda
      - conda: https://conda.anaconda.org/conda-forge/osx-arm64/llvm-openmp-20.1.7-hdb05f8b_0.conda
      - conda: https://conda.anaconda.org/conda-forge/osx-arm64/matplotlib-3.10.3-py312h1f38498_0.conda
      - conda: https://conda.anaconda.org/conda-forge/osx-arm64/matplotlib-base-3.10.3-py312hdbc7e53_0.conda
      - conda: https://conda.anaconda.org/conda-forge/noarch/munkres-1.1.4-pyhd8ed1ab_1.conda
      - conda: https://conda.anaconda.org/conda-forge/osx-arm64/ncurses-6.5-h5e97a16_3.conda
      - conda: https://conda.anaconda.org/conda-forge/osx-arm64/numpy-2.3.1-py312h113b91d_0.conda
      - conda: https://conda.anaconda.org/conda-forge/osx-arm64/openjpeg-2.5.3-h8a3d83b_0.conda
      - conda: https://conda.anaconda.org/conda-forge/osx-arm64/openssl-3.5.1-h81ee809_0.conda
      - conda: https://conda.anaconda.org/conda-forge/noarch/packaging-25.0-pyh29332c3_1.conda
      - conda: https://conda.anaconda.org/conda-forge/osx-arm64/pandas-2.3.0-py312hcb1e3ce_0.conda
      - conda: https://conda.anaconda.org/conda-forge/noarch/patsy-1.0.1-pyhd8ed1ab_1.conda
      - conda: https://conda.anaconda.org/conda-forge/osx-arm64/pillow-11.3.0-py312h50aef2c_0.conda
      - conda: https://conda.anaconda.org/conda-forge/osx-arm64/proj-9.6.2-h1318a7e_0.conda
      - conda: https://conda.anaconda.org/conda-forge/osx-arm64/pthread-stubs-0.4-hd74edd7_1002.conda
      - conda: https://conda.anaconda.org/conda-forge/noarch/pyparsing-3.2.3-pyhd8ed1ab_1.conda
      - conda: https://conda.anaconda.org/conda-forge/osx-arm64/pyproj-3.7.1-py312h237c406_1.conda
      - conda: https://conda.anaconda.org/conda-forge/noarch/pyshp-2.3.1-pyhd8ed1ab_1.conda
      - conda: https://conda.anaconda.org/conda-forge/osx-arm64/python-3.12.11-hc22306f_0_cpython.conda
      - conda: https://conda.anaconda.org/conda-forge/noarch/python-dateutil-2.9.0.post0-pyhe01879c_2.conda
      - conda: https://conda.anaconda.org/conda-forge/noarch/python-tzdata-2025.2-pyhd8ed1ab_0.conda
      - conda: https://conda.anaconda.org/conda-forge/noarch/python_abi-3.12-7_cp312.conda
      - conda: https://conda.anaconda.org/conda-forge/noarch/pytz-2025.2-pyhd8ed1ab_0.conda
      - conda: https://conda.anaconda.org/conda-forge/osx-arm64/qhull-2020.2-h420ef59_5.conda
      - conda: https://conda.anaconda.org/conda-forge/osx-arm64/readline-8.2-h1d1bf99_2.conda
      - conda: https://conda.anaconda.org/conda-forge/osx-arm64/scipy-1.15.2-py312h99a188d_0.conda
      - conda: https://conda.anaconda.org/conda-forge/noarch/seaborn-0.13.2-hd8ed1ab_3.conda
      - conda: https://conda.anaconda.org/conda-forge/noarch/seaborn-base-0.13.2-pyhd8ed1ab_3.conda
      - conda: https://conda.anaconda.org/conda-forge/osx-arm64/shapely-2.1.1-py312hf733f26_0.conda
      - conda: https://conda.anaconda.org/conda-forge/noarch/six-1.17.0-pyhd8ed1ab_0.conda
      - conda: https://conda.anaconda.org/conda-forge/osx-arm64/sqlite-3.50.2-hc23dd5f_0.conda
      - conda: https://conda.anaconda.org/conda-forge/osx-arm64/statsmodels-0.14.4-py312hcde60ef_2.conda
      - conda: https://conda.anaconda.org/conda-forge/osx-arm64/tk-8.6.13-h892fb3f_2.conda
      - conda: https://conda.anaconda.org/conda-forge/osx-arm64/tornado-6.5.1-py312hea69d52_0.conda
      - conda: https://conda.anaconda.org/conda-forge/noarch/tzdata-2025b-h78e105d_0.conda
      - conda: https://conda.anaconda.org/conda-forge/osx-arm64/unicodedata2-16.0.0-py312hea69d52_0.conda
      - conda: https://conda.anaconda.org/conda-forge/osx-arm64/xorg-libxau-1.0.12-h5505292_0.conda
      - conda: https://conda.anaconda.org/conda-forge/osx-arm64/xorg-libxdmcp-1.1.5-hd74edd7_0.conda
      - conda: https://conda.anaconda.org/conda-forge/osx-arm64/zstd-1.5.7-h6491c7d_2.conda
packages:
- conda: https://conda.anaconda.org/conda-forge/osx-arm64/brotli-1.1.0-h5505292_3.conda
  sha256: 97e2a90342869cc122921fdff0e6be2f5c38268555c08ba5d14e1615e4637e35
  md5: 03c7865dd4dbf87b7b7d363e24c632f1
  depends:
  - __osx >=11.0
  - brotli-bin 1.1.0 h5505292_3
  - libbrotlidec 1.1.0 h5505292_3
  - libbrotlienc 1.1.0 h5505292_3
  license: MIT
  license_family: MIT
  size: 20094
  timestamp: 1749230390021
- conda: https://conda.anaconda.org/conda-forge/osx-arm64/brotli-bin-1.1.0-h5505292_3.conda
  sha256: 5c6a808326c3bbb6f015a57c9eb463d65f259f67154f4f06783d8829ce9239b4
  md5: cc435eb5160035fd8503e9a58036c5b5
  depends:
  - __osx >=11.0
  - libbrotlidec 1.1.0 h5505292_3
  - libbrotlienc 1.1.0 h5505292_3
  license: MIT
  license_family: MIT
  size: 17185
  timestamp: 1749230373519
- conda: https://conda.anaconda.org/conda-forge/osx-arm64/bzip2-1.0.8-h99b78c6_7.conda
  sha256: adfa71f158cbd872a36394c56c3568e6034aa55c623634b37a4836bd036e6b91
  md5: fc6948412dbbbe9a4c9ddbbcfe0a79ab
  depends:
  - __osx >=11.0
  license: bzip2-1.0.6
  license_family: BSD
  size: 122909
  timestamp: 1720974522888
- conda: https://conda.anaconda.org/conda-forge/osx-arm64/c-ares-1.34.5-h5505292_0.conda
  sha256: b4bb55d0806e41ffef94d0e3f3c97531f322b3cb0ca1f7cdf8e47f62538b7a2b
  md5: f8cd1beb98240c7edb1a95883360ccfa
  depends:
  - __osx >=11.0
  license: MIT
  license_family: MIT
  size: 179696
  timestamp: 1744128058734
- conda: https://conda.anaconda.org/conda-forge/noarch/ca-certificates-2025.6.15-hbd8a1cb_0.conda
  sha256: 7cfec9804c84844ea544d98bda1d9121672b66ff7149141b8415ca42dfcd44f6
  md5: 72525f07d72806e3b639ad4504c30ce5
  depends:
  - __unix
  license: ISC
  size: 151069
  timestamp: 1749990087500
- conda: https://conda.anaconda.org/conda-forge/osx-arm64/cartopy-0.24.0-py312hcd31e36_0.conda
  sha256: 0edb3f7385ae58280dfbb09c11bbb7e7d41e2e4a19657ee8b9ab84e939906e6f
  md5: 07dc477c85e1b5b4dac919b9f53d22e6
  depends:
  - __osx >=11.0
  - libcxx >=17
  - matplotlib-base >=3.6
  - numpy >=1.19,<3
  - packaging >=21
  - pyproj >=3.3.1
  - pyshp >=2.3
  - python >=3.12,<3.13.0a0
  - python >=3.12,<3.13.0a0 *_cpython
  - python_abi 3.12.* *_cp312
  - shapely >=1.8
  license: BSD-3-Clause
  license_family: BSD
  size: 1501531
  timestamp: 1728342435897
- conda: https://conda.anaconda.org/conda-forge/noarch/certifi-2025.6.15-pyhd8ed1ab_0.conda
  sha256: d71c85835813072cd6d7ce4b24be34215cd90c104785b15a5d58f4cd0cb50778
  md5: 781d068df0cc2407d4db0ecfbb29225b
  depends:
  - python >=3.9
  license: ISC
  size: 155377
  timestamp: 1749972291158
- conda: https://conda.anaconda.org/conda-forge/noarch/cmocean-4.0.3-pyhd8ed1ab_1.conda
  sha256: 70d3469d7a9b23a38526d7313ee10e7826f0245ffb5a7eeec15a134d90636a32
  md5: dd71e4ec2fbffe38c0359976505f816e
  depends:
  - colorspacious
  - matplotlib-base
  - numpy
  - packaging
  - python >=3.9
  license: MIT
  license_family: MIT
  size: 312164
  timestamp: 1734344056828
- conda: https://conda.anaconda.org/conda-forge/noarch/colorspacious-1.1.2-pyhecae5ae_1.conda
  sha256: 2c778b2a96946970a133852c8eba5e93512a3e3e6626a7983481cc16babcd16e
  md5: 04151bb8e351c6209caad045e4b1f4bd
  depends:
  - numpy
  - python >=3.9
  license: MIT
  license_family: MIT
  size: 36130
  timestamp: 1734342046859
- conda: https://conda.anaconda.org/conda-forge/osx-arm64/contourpy-1.3.2-py312hb23fbb9_0.conda
  sha256: 39329ded9d5ea49ab230c4ecd5e7610d3c844faca05fb9385bfe76ff02cc2abd
  md5: e8108c7798046eb5b5f95cdde1bb534c
  depends:
  - __osx >=11.0
  - libcxx >=18
  - numpy >=1.23
  - python >=3.12,<3.13.0a0
  - python >=3.12,<3.13.0a0 *_cpython
  - python_abi 3.12.* *_cp312
  license: BSD-3-Clause
  license_family: BSD
  size: 245787
  timestamp: 1744743658516
- conda: https://conda.anaconda.org/conda-forge/noarch/cycler-0.12.1-pyhd8ed1ab_1.conda
  sha256: 9827efa891e507a91a8a2acf64e210d2aff394e1cde432ad08e1f8c66b12293c
  md5: 44600c4667a319d67dbe0681fc0bc833
  depends:
  - python >=3.9
  license: BSD-3-Clause
  license_family: BSD
  size: 13399
  timestamp: 1733332563512
- conda: https://conda.anaconda.org/conda-forge/osx-arm64/fonttools-4.58.5-py312h998013c_0.conda
  sha256: aa6085cbaafd6f64a930acb3bece9d3d47d7ccd3deee0797dc739b5958960716
  md5: 2e6196f9251370dd60feb87018d9e06e
  depends:
  - __osx >=11.0
  - brotli
  - munkres
  - python >=3.12,<3.13.0a0
  - python >=3.12,<3.13.0a0 *_cpython
  - python_abi 3.12.* *_cp312
  - unicodedata2 >=15.1.0
  license: MIT
  license_family: MIT
  size: 2777324
  timestamp: 1751573615051
- conda: https://conda.anaconda.org/conda-forge/osx-arm64/freetype-2.13.3-hce30654_1.conda
  sha256: 6b63c72ea51a41d41964841404564c0729fdddd3e952e2715839fd759b7cfdfc
  md5: e684de4644067f1956a580097502bf03
  depends:
  - libfreetype 2.13.3 hce30654_1
  - libfreetype6 2.13.3 h1d14073_1
  license: GPL-2.0-only OR FTL
  size: 172220
  timestamp: 1745370149658
- conda: https://conda.anaconda.org/conda-forge/osx-arm64/geos-3.13.1-hc9a1286_0.conda
  sha256: b3f116968699ef72271f608a8ef2794b609e9a3cecbd5c178d8ccb797be709d6
  md5: 3528352bdf54e8b11eca0eb97daf7d55
  depends:
  - __osx >=11.0
  - libcxx >=18
  license: LGPL-2.1-only
  size: 1470335
  timestamp: 1741051878236
- conda: https://conda.anaconda.org/conda-forge/osx-arm64/kiwisolver-1.4.8-py312hb23fbb9_1.conda
  sha256: f75e00ed3fe2db218fa58d37148c437c5852ce0a4e3f08563e24ab98045ddc5e
  md5: aebb58801a162a0a0ed75df72a9bbeb1
  depends:
  - __osx >=11.0
  - libcxx >=18
  - python >=3.12,<3.13.0a0
  - python >=3.12,<3.13.0a0 *_cpython
  - python_abi 3.12.* *_cp312
  license: BSD-3-Clause
  license_family: BSD
  size: 61937
  timestamp: 1751494129774
- conda: https://conda.anaconda.org/conda-forge/osx-arm64/krb5-1.21.3-h237132a_0.conda
  sha256: 4442f957c3c77d69d9da3521268cad5d54c9033f1a73f99cde0a3658937b159b
  md5: c6dc8a0fdec13a0565936655c33069a1
  depends:
  - __osx >=11.0
  - libcxx >=16
  - libedit >=3.1.20191231,<3.2.0a0
  - libedit >=3.1.20191231,<4.0a0
  - openssl >=3.3.1,<4.0a0
  license: MIT
  license_family: MIT
  size: 1155530
  timestamp: 1719463474401
- conda: https://conda.anaconda.org/conda-forge/osx-arm64/lcms2-2.17-h7eeda09_0.conda
  sha256: 310a62c2f074ebd5aa43b3cd4b00d46385ce680fa2132ecee255a200e2d2f15f
  md5: 92a61fd30b19ebd5c1621a5bfe6d8b5f
  depends:
  - __osx >=11.0
  - libjpeg-turbo >=3.0.0,<4.0a0
  - libtiff >=4.7.0,<4.8.0a0
  license: MIT
  license_family: MIT
  size: 212125
  timestamp: 1739161108467
- conda: https://conda.anaconda.org/conda-forge/osx-arm64/lerc-4.0.0-hd64df32_1.conda
  sha256: 12361697f8ffc9968907d1a7b5830e34c670e4a59b638117a2cdfed8f63a38f8
  md5: a74332d9b60b62905e3d30709df08bf1
  depends:
  - __osx >=11.0
  - libcxx >=18
  license: Apache-2.0
  license_family: Apache
  size: 188306
  timestamp: 1745264362794
- conda: https://conda.anaconda.org/conda-forge/osx-arm64/libblas-3.9.0-32_h10e41b3_openblas.conda
  build_number: 32
  sha256: 2775472dd81d43dc20804b484028560bfecd5ab4779e39f1fb95684da3ff2029
  md5: d4a1732d2b330c9d5d4be16438a0ac78
  depends:
  - libopenblas >=0.3.30,<0.3.31.0a0
  - libopenblas >=0.3.30,<1.0a0
  constrains:
  - blas 2.132   openblas
  - liblapack  3.9.0   32*_openblas
  - mkl <2025
  - libcblas   3.9.0   32*_openblas
  - liblapacke 3.9.0   32*_openblas
  license: BSD-3-Clause
  license_family: BSD
  size: 17520
  timestamp: 1750388963178
- conda: https://conda.anaconda.org/conda-forge/osx-arm64/libbrotlicommon-1.1.0-h5505292_3.conda
  sha256: 0e9c196ad8569ca199ea05103707cde0ae3c7e97d0cdf0417d873148ea9ad640
  md5: fbc4d83775515e433ef22c058768b84d
  depends:
  - __osx >=11.0
  license: MIT
  license_family: MIT
  size: 68972
  timestamp: 1749230317752
- conda: https://conda.anaconda.org/conda-forge/osx-arm64/libbrotlidec-1.1.0-h5505292_3.conda
  sha256: d888c228e7d4f0f2303538f6a9705498c81d56fedaab7811e1186cb6e24d689b
  md5: 01c4b35a1c4b94b60801f189f1ac6ee3
  depends:
  - __osx >=11.0
  - libbrotlicommon 1.1.0 h5505292_3
  license: MIT
  license_family: MIT
  size: 29249
  timestamp: 1749230338861
- conda: https://conda.anaconda.org/conda-forge/osx-arm64/libbrotlienc-1.1.0-h5505292_3.conda
  sha256: 0734a54db818ddfdfbf388fa53c5036a06bbe17de14005f33215d865d51d8a5e
  md5: 1ce5e315293309b5bf6778037375fb08
  depends:
  - __osx >=11.0
  - libbrotlicommon 1.1.0 h5505292_3
  license: MIT
  license_family: MIT
  size: 274404
  timestamp: 1749230355483
- conda: https://conda.anaconda.org/conda-forge/osx-arm64/libcblas-3.9.0-32_hb3479ef_openblas.conda
  build_number: 32
  sha256: 25d46ace14c3ac45d4aa18b5f7a0d3d30cec422297e900f8b97a66334232061c
  md5: d8e8ba717ae863b13a7495221f2b5a71
  depends:
  - libblas 3.9.0 32_h10e41b3_openblas
  constrains:
  - blas 2.132   openblas
  - liblapack  3.9.0   32*_openblas
  - liblapacke 3.9.0   32*_openblas
  license: BSD-3-Clause
  license_family: BSD
  size: 17485
  timestamp: 1750388970626
- conda: https://conda.anaconda.org/conda-forge/osx-arm64/libcurl-8.14.1-h73640d1_0.conda
  sha256: 0055b68137309db41ec34c938d95aec71d1f81bd9d998d5be18f32320c3ccba0
  md5: 1af57c823803941dfc97305248a56d57
  depends:
  - __osx >=11.0
  - krb5 >=1.21.3,<1.22.0a0
  - libnghttp2 >=1.64.0,<2.0a0
  - libssh2 >=1.11.1,<2.0a0
  - libzlib >=1.3.1,<2.0a0
  - openssl >=3.5.0,<4.0a0
  - zstd >=1.5.7,<1.6.0a0
  license: curl
  license_family: MIT
  size: 403456
  timestamp: 1749033320430
- conda: https://conda.anaconda.org/conda-forge/osx-arm64/libcxx-20.1.7-ha82da77_0.conda
  sha256: a3fd34773f1252a4f089e74a075ff5f0f6b878aede097e83a405f35687c36f24
  md5: 881de227abdddbe596239fa9e82eb3ab
  depends:
  - __osx >=11.0
  license: Apache-2.0 WITH LLVM-exception
  license_family: Apache
  size: 567189
  timestamp: 1749847129529
- conda: https://conda.anaconda.org/conda-forge/osx-arm64/libdeflate-1.24-h5773f1b_0.conda
  sha256: 417d52b19c679e1881cce3f01cad3a2d542098fa2d6df5485aac40f01aede4d1
  md5: 3baf58a5a87e7c2f4d243ce2f8f2fe5c
  depends:
  - __osx >=11.0
  license: MIT
  license_family: MIT
  size: 54790
  timestamp: 1747040549847
- conda: https://conda.anaconda.org/conda-forge/osx-arm64/libedit-3.1.20250104-pl5321hafb1f1b_0.conda
  sha256: 66aa216a403de0bb0c1340a88d1a06adaff66bae2cfd196731aa24db9859d631
  md5: 44083d2d2c2025afca315c7a172eab2b
  depends:
  - ncurses
  - __osx >=11.0
  - ncurses >=6.5,<7.0a0
  license: BSD-2-Clause
  license_family: BSD
  size: 107691
  timestamp: 1738479560845
- conda: https://conda.anaconda.org/conda-forge/osx-arm64/libev-4.33-h93a5062_2.conda
  sha256: 95cecb3902fbe0399c3a7e67a5bed1db813e5ab0e22f4023a5e0f722f2cc214f
  md5: 36d33e440c31857372a72137f78bacf5
  license: BSD-2-Clause
  license_family: BSD
  size: 107458
  timestamp: 1702146414478
- conda: https://conda.anaconda.org/conda-forge/osx-arm64/libexpat-2.7.0-h286801f_0.conda
  sha256: ee550e44765a7bbcb2a0216c063dcd53ac914a7be5386dd0554bd06e6be61840
  md5: 6934bbb74380e045741eb8637641a65b
  depends:
  - __osx >=11.0
  constrains:
  - expat 2.7.0.*
  license: MIT
  license_family: MIT
  size: 65714
  timestamp: 1743431789879
- conda: https://conda.anaconda.org/conda-forge/osx-arm64/libffi-3.4.6-h1da3d7d_1.conda
  sha256: c6a530924a9b14e193ea9adfe92843de2a806d1b7dbfd341546ece9653129e60
  md5: c215a60c2935b517dcda8cad4705734d
  depends:
  - __osx >=11.0
  license: MIT
  license_family: MIT
  size: 39839
  timestamp: 1743434670405
- conda: https://conda.anaconda.org/conda-forge/osx-arm64/libfreetype-2.13.3-hce30654_1.conda
  sha256: 1f8c16703fe333cdc2639f7cdaf677ac2120843453222944a7c6c85ec342903c
  md5: d06282e08e55b752627a707d58779b8f
  depends:
  - libfreetype6 >=2.13.3
  license: GPL-2.0-only OR FTL
  size: 7813
  timestamp: 1745370144506
- conda: https://conda.anaconda.org/conda-forge/osx-arm64/libfreetype6-2.13.3-h1d14073_1.conda
  sha256: c278df049b1a071841aa0aca140a338d087ea594e07dcf8a871d2cfe0e330e75
  md5: b163d446c55872ef60530231879908b9
  depends:
  - __osx >=11.0
  - libpng >=1.6.47,<1.7.0a0
  - libzlib >=1.3.1,<2.0a0
  constrains:
  - freetype >=2.13.3
  license: GPL-2.0-only OR FTL
  size: 333529
  timestamp: 1745370142848
- conda: https://conda.anaconda.org/conda-forge/osx-arm64/libgfortran-5.0.0-14_2_0_h6c33f7e_103.conda
  sha256: 8628746a8ecd311f1c0d14bb4f527c18686251538f7164982ccbe3b772de58b5
  md5: 044a210bc1d5b8367857755665157413
  depends:
  - libgfortran5 14.2.0 h6c33f7e_103
  license: GPL-3.0-only WITH GCC-exception-3.1
  license_family: GPL
  size: 156291
  timestamp: 1743863532821
- conda: https://conda.anaconda.org/conda-forge/osx-arm64/libgfortran5-14.2.0-h6c33f7e_103.conda
  sha256: 8599453990bd3a449013f5fa3d72302f1c68f0680622d419c3f751ff49f01f17
  md5: 69806c1e957069f1d515830dcc9f6cbb
  depends:
  - llvm-openmp >=8.0.0
  constrains:
  - libgfortran 5.0.0 14_2_0_*_103
  license: GPL-3.0-only WITH GCC-exception-3.1
  license_family: GPL
  size: 806566
  timestamp: 1743863491726
- conda: https://conda.anaconda.org/conda-forge/osx-arm64/libjpeg-turbo-3.1.0-h5505292_0.conda
  sha256: 78df2574fa6aa5b6f5fc367c03192f8ddf8e27dc23641468d54e031ff560b9d4
  md5: 01caa4fbcaf0e6b08b3aef1151e91745
  depends:
  - __osx >=11.0
  constrains:
  - jpeg <0.0.0a
  license: IJG AND BSD-3-Clause AND Zlib
  size: 553624
  timestamp: 1745268405713
- conda: https://conda.anaconda.org/conda-forge/osx-arm64/liblapack-3.9.0-32_hc9a63f6_openblas.conda
  build_number: 32
  sha256: 5e1cfa3581d1dec6b07a75084ff6cfa4b4465c646c6884a71c78a28543f83b61
  md5: bf9ead3fa92fd75ad473c6a1d255ffcb
  depends:
  - libblas 3.9.0 32_h10e41b3_openblas
  constrains:
  - blas 2.132   openblas
  - libcblas   3.9.0   32*_openblas
  - liblapacke 3.9.0   32*_openblas
  license: BSD-3-Clause
  license_family: BSD
  size: 17507
  timestamp: 1750388977861
- conda: https://conda.anaconda.org/conda-forge/osx-arm64/liblzma-5.8.1-h39f12f2_2.conda
  sha256: 0cb92a9e026e7bd4842f410a5c5c665c89b2eb97794ffddba519a626b8ce7285
  md5: d6df911d4564d77c4374b02552cb17d1
  depends:
  - __osx >=11.0
  constrains:
  - xz 5.8.1.*
  license: 0BSD
  size: 92286
  timestamp: 1749230283517
- conda: https://conda.anaconda.org/conda-forge/osx-arm64/libnghttp2-1.64.0-h6d7220d_0.conda
  sha256: 00cc685824f39f51be5233b54e19f45abd60de5d8847f1a56906f8936648b72f
  md5: 3408c02539cee5f1141f9f11450b6a51
  depends:
  - __osx >=11.0
  - c-ares >=1.34.2,<2.0a0
  - libcxx >=17
  - libev >=4.33,<4.34.0a0
  - libev >=4.33,<5.0a0
  - libzlib >=1.3.1,<2.0a0
  - openssl >=3.3.2,<4.0a0
  license: MIT
  license_family: MIT
  size: 566719
  timestamp: 1729572385640
- conda: https://conda.anaconda.org/conda-forge/osx-arm64/libopenblas-0.3.30-openmp_hf332438_0.conda
  sha256: 501c8c64f1a6e6b671e49835e6c483bc25f0e7147f3eb4bbb19a4c3673dcaf28
  md5: 5d7dbaa423b4c253c476c24784286e4b
  depends:
  - __osx >=11.0
  - libgfortran 5.*
  - libgfortran5 >=13.3.0
  - llvm-openmp >=18.1.8
  constrains:
  - openblas >=0.3.30,<0.3.31.0a0
  license: BSD-3-Clause
  license_family: BSD
  size: 4163399
  timestamp: 1750378829050
- conda: https://conda.anaconda.org/conda-forge/osx-arm64/libpng-1.6.50-h3783ad8_0.conda
  sha256: 38d89e4ceae81f24a11129d2f5e8d10acfc12f057b7b4fd5af9043604a689941
  md5: f39e4bd5424259d8dfcbdbf0e068558e
  depends:
  - __osx >=11.0
  - libzlib >=1.3.1,<2.0a0
  license: zlib-acknowledgement
  size: 260895
  timestamp: 1751559636317
- conda: https://conda.anaconda.org/conda-forge/osx-arm64/libsqlite-3.50.2-h6fb428d_0.conda
  sha256: 6b51a9e7366d6cd26e50d1d0646331d457999ebb88af258f06a74f075e95bf68
  md5: b2dc1707166040e738df2d514f8a1d22
  depends:
  - __osx >=11.0
  - libzlib >=1.3.1,<2.0a0
  license: Unlicense
  size: 901519
  timestamp: 1751135765345
- conda: https://conda.anaconda.org/conda-forge/osx-arm64/libssh2-1.11.1-h1590b86_0.conda
  sha256: 8bfe837221390ffc6f111ecca24fa12d4a6325da0c8d131333d63d6c37f27e0a
  md5: b68e8f66b94b44aaa8de4583d3d4cc40
  depends:
  - libzlib >=1.3.1,<2.0a0
  - openssl >=3.5.0,<4.0a0
  license: BSD-3-Clause
  license_family: BSD
  size: 279193
  timestamp: 1745608793272
- conda: https://conda.anaconda.org/conda-forge/osx-arm64/libtiff-4.7.0-h2f21f7c_5.conda
  sha256: cc5ee1cffb8a8afb25a4bfd08fce97c5447f97aa7064a055cb4a617df45bc848
  md5: 4eb183bbf7f734f69875702fdbe17ea0
  depends:
  - __osx >=11.0
  - lerc >=4.0.0,<5.0a0
  - libcxx >=18
  - libdeflate >=1.24,<1.25.0a0
  - libjpeg-turbo >=3.1.0,<4.0a0
  - liblzma >=5.8.1,<6.0a0
  - libwebp-base >=1.5.0,<2.0a0
  - libzlib >=1.3.1,<2.0a0
  - zstd >=1.5.7,<1.6.0a0
  license: HPND
  size: 370943
  timestamp: 1747067160710
- conda: https://conda.anaconda.org/conda-forge/osx-arm64/libwebp-base-1.5.0-h2471fea_0.conda
  sha256: f8bdb876b4bc8cb5df47c28af29188de8911c3fea4b799a33743500149de3f4a
  md5: 569466afeb84f90d5bb88c11cc23d746
  depends:
  - __osx >=11.0
  constrains:
  - libwebp 1.5.0
  license: BSD-3-Clause
  license_family: BSD
  size: 290013
  timestamp: 1734777593617
- conda: https://conda.anaconda.org/conda-forge/osx-arm64/libxcb-1.17.0-hdb1d25a_0.conda
  sha256: bd3816218924b1e43b275863e21a3e13a5db4a6da74cca8e60bc3c213eb62f71
  md5: af523aae2eca6dfa1c8eec693f5b9a79
  depends:
  - __osx >=11.0
  - pthread-stubs
  - xorg-libxau >=1.0.11,<2.0a0
  - xorg-libxdmcp
  license: MIT
  license_family: MIT
  size: 323658
  timestamp: 1727278733917
- conda: https://conda.anaconda.org/conda-forge/osx-arm64/libzlib-1.3.1-h8359307_2.conda
  sha256: ce34669eadaba351cd54910743e6a2261b67009624dbc7daeeafdef93616711b
  md5: 369964e85dc26bfe78f41399b366c435
  depends:
  - __osx >=11.0
  constrains:
  - zlib 1.3.1 *_2
  license: Zlib
  license_family: Other
  size: 46438
  timestamp: 1727963202283
- conda: https://conda.anaconda.org/conda-forge/osx-arm64/llvm-openmp-20.1.7-hdb05f8b_0.conda
  sha256: e7d95b50a90cdc9e0fc38bc37f493a61b9d08164114b562bbd9ff0034f45eca2
  md5: 741e1da0a0798d32e13e3724f2ca2dcf
  depends:
  - __osx >=11.0
  constrains:
  - openmp 20.1.7|20.1.7.*
  license: Apache-2.0 WITH LLVM-exception
  license_family: APACHE
  size: 281996
  timestamp: 1749892286735
- conda: https://conda.anaconda.org/conda-forge/osx-arm64/matplotlib-3.10.3-py312h1f38498_0.conda
  sha256: a73322cb98d14d5eedabfb7dccb2fe239938c5d6bdabfa6d09fecfcdfe1367a1
  md5: 3e3be2c20812f5d46d2e9c2993bbe4a6
  depends:
  - matplotlib-base >=3.10.3,<3.10.4.0a0
  - python >=3.12,<3.13.0a0
  - python_abi 3.12.* *_cp312
  - tornado >=5
  license: PSF-2.0
  license_family: PSF
  size: 17497
  timestamp: 1746820828995
- conda: https://conda.anaconda.org/conda-forge/osx-arm64/matplotlib-base-3.10.3-py312hdbc7e53_0.conda
  sha256: 2ede5ebc11eaf773b1db8cf7ba138ab3b26306bcf84cb9aacb5eb745f150b008
  md5: 00c90634afc6285c57ed54c3ff0247df
  depends:
  - __osx >=11.0
  - contourpy >=1.0.1
  - cycler >=0.10
  - fonttools >=4.22.0
  - freetype
  - kiwisolver >=1.3.1
  - libcxx >=18
  - libfreetype >=2.13.3
  - libfreetype6 >=2.13.3
  - numpy >=1.19,<3
  - numpy >=1.23
  - packaging >=20.0
  - pillow >=8
  - pyparsing >=2.3.1
  - python >=3.12,<3.13.0a0
  - python >=3.12,<3.13.0a0 *_cpython
  - python-dateutil >=2.7
  - python_abi 3.12.* *_cp312
  - qhull >=2020.2,<2020.3.0a0
  license: PSF-2.0
  license_family: PSF
  size: 8144960
  timestamp: 1746820800312
- conda: https://conda.anaconda.org/conda-forge/noarch/munkres-1.1.4-pyhd8ed1ab_1.conda
  sha256: d09c47c2cf456de5c09fa66d2c3c5035aa1fa228a1983a433c47b876aa16ce90
  md5: 37293a85a0f4f77bbd9cf7aaefc62609
  depends:
  - python >=3.9
  license: Apache-2.0
  license_family: Apache
  size: 15851
  timestamp: 1749895533014
- conda: https://conda.anaconda.org/conda-forge/osx-arm64/ncurses-6.5-h5e97a16_3.conda
  sha256: 2827ada40e8d9ca69a153a45f7fd14f32b2ead7045d3bbb5d10964898fe65733
  md5: 068d497125e4bf8a66bf707254fff5ae
  depends:
  - __osx >=11.0
  license: X11 AND BSD-3-Clause
  size: 797030
  timestamp: 1738196177597
- conda: https://conda.anaconda.org/conda-forge/osx-arm64/numpy-2.3.1-py312h113b91d_0.conda
  sha256: b9c79d31c214964614e6c70606ff99c7993a1eb1b8743cba484b268a386a5c46
  md5: 84048f61fe33762c214055fb2df161f0
  depends:
  - __osx >=11.0
  - libblas >=3.9.0,<4.0a0
  - libcblas >=3.9.0,<4.0a0
  - libcxx >=18
  - liblapack >=3.9.0,<4.0a0
  - python >=3.12,<3.13.0a0
  - python >=3.12,<3.13.0a0 *_cpython
  - python_abi 3.12.* *_cp312
  constrains:
  - numpy-base <0a0
  license: BSD-3-Clause
  license_family: BSD
  size: 6504304
  timestamp: 1751342649896
- conda: https://conda.anaconda.org/conda-forge/osx-arm64/openjpeg-2.5.3-h8a3d83b_0.conda
  sha256: 1d59bc72ca7faac06d349c1a280f5cfb8a57ee5896f1e24225a997189d7418c7
  md5: 4b71d78648dbcf68ce8bf22bb07ff838
  depends:
  - __osx >=11.0
  - libcxx >=18
  - libpng >=1.6.44,<1.7.0a0
  - libtiff >=4.7.0,<4.8.0a0
  - libzlib >=1.3.1,<2.0a0
  license: BSD-2-Clause
  license_family: BSD
  size: 319362
  timestamp: 1733816781741
- conda: https://conda.anaconda.org/conda-forge/osx-arm64/openssl-3.5.1-h81ee809_0.conda
  sha256: f94fde0f096fa79794c8aa0a2665630bbf9026cc6438e8253f6555fc7281e5a8
  md5: a8ac77e7c7e58d43fa34d60bd4361062
  depends:
  - __osx >=11.0
  - ca-certificates
  license: Apache-2.0
  license_family: Apache
  size: 3071649
  timestamp: 1751390309393
- conda: https://conda.anaconda.org/conda-forge/noarch/packaging-25.0-pyh29332c3_1.conda
  sha256: 289861ed0c13a15d7bbb408796af4de72c2fe67e2bcb0de98f4c3fce259d7991
  md5: 58335b26c38bf4a20f399384c33cbcf9
  depends:
  - python >=3.8
  - python
  license: Apache-2.0
  license_family: APACHE
  size: 62477
  timestamp: 1745345660407
- conda: https://conda.anaconda.org/conda-forge/osx-arm64/pandas-2.3.0-py312hcb1e3ce_0.conda
  sha256: 3105a94036f37429ed292763d3034008fd0b4911bd565bdf86c33e898655dcdf
  md5: d95b29a40430115d6aa817f70be5b5b1
  depends:
  - __osx >=11.0
  - libcxx >=18
  - numpy >=1.19,<3
  - numpy >=1.22.4
  - python >=3.12,<3.13.0a0
  - python >=3.12,<3.13.0a0 *_cpython
  - python-dateutil >=2.8.2
  - python-tzdata >=2022.7
  - python_abi 3.12.* *_cp312
  - pytz >=2020.1
  constrains:
  - xlrd >=2.0.1
  - pyxlsb >=1.0.10
  - pyreadstat >=1.2.0
  - fsspec >=2022.11.0
  - matplotlib >=3.6.3
  - s3fs >=2022.11.0
  - pyqt5 >=5.15.9
  - lxml >=4.9.2
  - blosc >=1.21.3
  - tabulate >=0.9.0
  - fastparquet >=2022.12.0
  - numba >=0.56.4
  - scipy >=1.10.0
  - xlsxwriter >=3.0.5
  - gcsfs >=2022.11.0
  - html5lib >=1.1
  - odfpy >=1.4.1
  - bottleneck >=1.3.6
  - numexpr >=2.8.4
  - beautifulsoup4 >=4.11.2
  - pyarrow >=10.0.1
  - openpyxl >=3.1.0
  - qtpy >=2.3.0
  - pytables >=3.8.0
  - tzdata >=2022.7
  - zstandard >=0.19.0
  - psycopg2 >=2.9.6
  - xarray >=2022.12.0
  - sqlalchemy >=2.0.0
  - python-calamine >=0.1.7
  - pandas-gbq >=0.19.0
  license: BSD-3-Clause
  license_family: BSD
  size: 14054660
  timestamp: 1749100309197
- conda: https://conda.anaconda.org/conda-forge/noarch/patsy-1.0.1-pyhd8ed1ab_1.conda
  sha256: ab52916f056b435757d46d4ce0a93fd73af47df9c11fd72b74cc4b7e1caca563
  md5: ee23fabfd0a8c6b8d6f3729b47b2859d
  depends:
  - numpy >=1.4.0
  - python >=3.9
  license: BSD-2-Clause AND PSF-2.0
  license_family: BSD
  size: 186594
  timestamp: 1733792482894
- conda: https://conda.anaconda.org/conda-forge/osx-arm64/pillow-11.3.0-py312h50aef2c_0.conda
  sha256: 3d60288e8cfd42e4548c9e5192a285e73f81df2869f69b9d3905849b45d9bd2a
  md5: dddff48655b5cd24a5170a6df979943a
  depends:
  - __osx >=11.0
  - lcms2 >=2.17,<3.0a0
  - libfreetype >=2.13.3
  - libfreetype6 >=2.13.3
  - libjpeg-turbo >=3.1.0,<4.0a0
  - libtiff >=4.7.0,<4.8.0a0
  - libwebp-base >=1.5.0,<2.0a0
  - libxcb >=1.17.0,<2.0a0
  - libzlib >=1.3.1,<2.0a0
  - openjpeg >=2.5.3,<3.0a0
  - python >=3.12,<3.13.0a0
  - python >=3.12,<3.13.0a0 *_cpython
  - python_abi 3.12.* *_cp312
  - tk >=8.6.13,<8.7.0a0
  license: HPND
  size: 42514714
  timestamp: 1751482419501
- conda: https://conda.anaconda.org/conda-forge/osx-arm64/proj-9.6.2-h1318a7e_0.conda
  sha256: b93a2b2de44595a879b9aa37b0f0cf0abddeb795779bb836734f0e34c062d35c
  md5: 917c34e136b5b34746765d3d1a2ed8ef
  depends:
  - __osx >=11.0
  - libcurl >=8.14.1,<9.0a0
  - libcxx >=18
  - libsqlite >=3.50.0,<4.0a0
  - libtiff >=4.7.0,<4.8.0a0
  - sqlite
  constrains:
  - proj4 ==999999999999
  license: MIT
  license_family: MIT
  size: 2764393
  timestamp: 1749233378439
- conda: https://conda.anaconda.org/conda-forge/osx-arm64/pthread-stubs-0.4-hd74edd7_1002.conda
  sha256: 8ed65e17fbb0ca944bfb8093b60086e3f9dd678c3448b5de212017394c247ee3
  md5: 415816daf82e0b23a736a069a75e9da7
  depends:
  - __osx >=11.0
  license: MIT
  license_family: MIT
  size: 8381
  timestamp: 1726802424786
- conda: https://conda.anaconda.org/conda-forge/noarch/pyparsing-3.2.3-pyhd8ed1ab_1.conda
  sha256: b92afb79b52fcf395fd220b29e0dd3297610f2059afac45298d44e00fcbf23b6
  md5: 513d3c262ee49b54a8fec85c5bc99764
  depends:
  - python >=3.9
  license: MIT
  license_family: MIT
  size: 95988
  timestamp: 1743089832359
- conda: https://conda.anaconda.org/conda-forge/osx-arm64/pyproj-3.7.1-py312h237c406_1.conda
  sha256: d41a371e33a49c34ed9332cd1549be21a13b7b2d76ec0b16180039ceef4d343a
  md5: 47281d6d45a7492a831026fb65206e01
  depends:
  - __osx >=11.0
  - certifi
  - proj >=9.6.0,<9.7.0a0
  - python >=3.12,<3.13.0a0
  - python >=3.12,<3.13.0a0 *_cpython
  - python_abi 3.12.* *_cp312
  license: MIT
  license_family: MIT
  size: 511809
  timestamp: 1742323504810
- conda: https://conda.anaconda.org/conda-forge/noarch/pyshp-2.3.1-pyhd8ed1ab_1.conda
  sha256: a721b3663d1917f3c9caa01069d23c44b0a378a6d3639f7e4f7b06887a9ac9bf
  md5: 856b387c270e9eaf6e41e978057a2b62
  depends:
  - python >=3.9
  license: MIT
  license_family: MIT
  size: 427368
  timestamp: 1733821648154
- conda: https://conda.anaconda.org/conda-forge/osx-arm64/python-3.12.11-hc22306f_0_cpython.conda
  sha256: cde8b944c2dc378a5afbc48028d0843583fd215493d5885a80f1b41de085552f
  md5: 9207ebad7cfbe2a4af0702c92fd031c4
  depends:
  - __osx >=11.0
  - bzip2 >=1.0.8,<2.0a0
  - libexpat >=2.7.0,<3.0a0
  - libffi >=3.4.6,<3.5.0a0
  - liblzma >=5.8.1,<6.0a0
  - libsqlite >=3.50.0,<4.0a0
  - libzlib >=1.3.1,<2.0a0
  - ncurses >=6.5,<7.0a0
  - openssl >=3.5.0,<4.0a0
  - readline >=8.2,<9.0a0
  - tk >=8.6.13,<8.7.0a0
  - tzdata
  constrains:
  - python_abi 3.12.* *_cp312
  license: Python-2.0
  size: 13009234
  timestamp: 1749048134449
- conda: https://conda.anaconda.org/conda-forge/noarch/python-dateutil-2.9.0.post0-pyhe01879c_2.conda
  sha256: d6a17ece93bbd5139e02d2bd7dbfa80bee1a4261dced63f65f679121686bf664
  md5: 5b8d21249ff20967101ffa321cab24e8
  depends:
  - python >=3.9
  - six >=1.5
  - python
  license: Apache-2.0
  license_family: APACHE
  size: 233310
  timestamp: 1751104122689
- conda: https://conda.anaconda.org/conda-forge/noarch/python-tzdata-2025.2-pyhd8ed1ab_0.conda
  sha256: e8392a8044d56ad017c08fec2b0eb10ae3d1235ac967d0aab8bd7b41c4a5eaf0
  md5: 88476ae6ebd24f39261e0854ac244f33
  depends:
  - python >=3.9
  license: Apache-2.0
  license_family: APACHE
  size: 144160
  timestamp: 1742745254292
- conda: https://conda.anaconda.org/conda-forge/noarch/python_abi-3.12-7_cp312.conda
  build_number: 7
  sha256: a1bbced35e0df66cc713105344263570e835625c28d1bdee8f748f482b2d7793
  md5: 0dfcdc155cf23812a0c9deada86fb723
  constrains:
  - python 3.12.* *_cpython
  license: BSD-3-Clause
  license_family: BSD
  size: 6971
  timestamp: 1745258861359
- conda: https://conda.anaconda.org/conda-forge/noarch/pytz-2025.2-pyhd8ed1ab_0.conda
  sha256: 8d2a8bf110cc1fc3df6904091dead158ba3e614d8402a83e51ed3a8aa93cdeb0
  md5: bc8e3267d44011051f2eb14d22fb0960
  depends:
  - python >=3.9
  license: MIT
  license_family: MIT
  size: 189015
  timestamp: 1742920947249
- conda: https://conda.anaconda.org/conda-forge/osx-arm64/qhull-2020.2-h420ef59_5.conda
  sha256: 873ac689484262a51fd79bc6103c1a1bedbf524924d7f0088fb80703042805e4
  md5: 6483b1f59526e05d7d894e466b5b6924
  depends:
  - __osx >=11.0
  - libcxx >=16
  license: LicenseRef-Qhull
  size: 516376
  timestamp: 1720814307311
- conda: https://conda.anaconda.org/conda-forge/osx-arm64/readline-8.2-h1d1bf99_2.conda
  sha256: 7db04684d3904f6151eff8673270922d31da1eea7fa73254d01c437f49702e34
  md5: 63ef3f6e6d6d5c589e64f11263dc5676
  depends:
  - ncurses >=6.5,<7.0a0
  license: GPL-3.0-only
  license_family: GPL
  size: 252359
  timestamp: 1740379663071
- conda: https://conda.anaconda.org/conda-forge/osx-arm64/scipy-1.15.2-py312h99a188d_0.conda
  sha256: af61f6e29a0d3d4c66699a35b19ce6849d6e0fa15017d7a9ef6268cc1c4e1264
  md5: b1d324bf5018b451152bbdc4ffd3d378
  depends:
  - __osx >=11.0
  - libblas >=3.9.0,<4.0a0
  - libcblas >=3.9.0,<4.0a0
  - libcxx >=18
  - libgfortran >=5
  - libgfortran5 >=13.2.0
  - liblapack >=3.9.0,<4.0a0
  - numpy <2.5
  - numpy >=1.19,<3
  - numpy >=1.23.5
  - python >=3.12,<3.13.0a0
  - python >=3.12,<3.13.0a0 *_cpython
  - python_abi 3.12.* *_cp312
  license: BSD-3-Clause
  license_family: BSD
  size: 14394729
  timestamp: 1739792424558
- conda: https://conda.anaconda.org/conda-forge/noarch/seaborn-0.13.2-hd8ed1ab_3.conda
  noarch: python
  sha256: ea29a69b14dd6be5cdeeaa551bf50d78cafeaf0351e271e358f9b820fcab4cb0
  md5: 62afb877ca2c2b4b6f9ecb37320085b6
  depends:
  - seaborn-base 0.13.2 pyhd8ed1ab_3
  - statsmodels >=0.12
  license: BSD-3-Clause
  license_family: BSD
  size: 6876
  timestamp: 1733730113224
- conda: https://conda.anaconda.org/conda-forge/noarch/seaborn-base-0.13.2-pyhd8ed1ab_3.conda
  sha256: f209c9c18187570b85ec06283c72d64b8738f825b1b82178f194f4866877f8aa
  md5: fd96da444e81f9e6fcaac38590f3dd42
  depends:
  - matplotlib-base >=3.4,!=3.6.1
  - numpy >=1.20,!=1.24.0
  - pandas >=1.2
  - python >=3.9
  - scipy >=1.7
  constrains:
  - seaborn =0.13.2=*_3
  license: BSD-3-Clause
  license_family: BSD
  size: 227843
  timestamp: 1733730112409
- conda: https://conda.anaconda.org/conda-forge/osx-arm64/shapely-2.1.1-py312hf733f26_0.conda
  sha256: 9d4b0ef4b15f3b3a61e814db1949e0553b939e7a6ba9a2ca012bb0e141f54a7b
  md5: a4d268689748c518130e8879c6a97ffe
  depends:
  - __osx >=11.0
  - geos >=3.13.1,<3.13.2.0a0
  - numpy >=1.19,<3
  - python >=3.12,<3.13.0a0
  - python >=3.12,<3.13.0a0 *_cpython
  - python_abi 3.12.* *_cp312
  license: BSD-3-Clause
  license_family: BSD
  size: 600145
  timestamp: 1747664641197
- conda: https://conda.anaconda.org/conda-forge/noarch/six-1.17.0-pyhd8ed1ab_0.conda
  sha256: 41db0180680cc67c3fa76544ffd48d6a5679d96f4b71d7498a759e94edc9a2db
  md5: a451d576819089b0d672f18768be0f65
  depends:
  - python >=3.9
  license: MIT
  license_family: MIT
  size: 16385
  timestamp: 1733381032766
- conda: https://conda.anaconda.org/conda-forge/osx-arm64/sqlite-3.50.2-hc23dd5f_0.conda
  sha256: ca6bbb63a2d709888969f99da3bd0abdb32a9f0e464c8cb3e628bb6d66cb5062
  md5: 622f20510abdf9d98700a71d91a85d46
  depends:
  - __osx >=11.0
  - libsqlite 3.50.2 h6fb428d_0
  - libzlib >=1.3.1,<2.0a0
  - ncurses >=6.5,<7.0a0
  - readline >=8.2,<9.0a0
  license: Unlicense
  size: 148841
  timestamp: 1751135784791
- conda: https://conda.anaconda.org/conda-forge/osx-arm64/statsmodels-0.14.4-py312hcde60ef_2.conda
  sha256: a2de6f2dae11c74b159bd4791512edb9575c93c9c5d6a652d8be417a1c52421c
  md5: a7a1d197b9bcaf4144b28f8f79a058fb
  depends:
  - __osx >=11.0
  - numpy <3,>=1.22.3
  - numpy >=1.23,<3
  - packaging >=21.3
  - pandas !=2.1.0,>=1.4
  - patsy >=0.5.6
  - python >=3.12,<3.13.0a0
  - python >=3.12,<3.13.0a0 *_cpython
  - python_abi 3.12.* *_cp312
  - scipy >=1.8,!=1.9.2,<1.16.0
  license: BSD-3-Clause
  license_family: BSD
  size: 11695410
  timestamp: 1751362934555
- conda: https://conda.anaconda.org/conda-forge/osx-arm64/tk-8.6.13-h892fb3f_2.conda
  sha256: cb86c522576fa95c6db4c878849af0bccfd3264daf0cc40dd18e7f4a7bfced0e
  md5: 7362396c170252e7b7b0c8fb37fe9c78
  depends:
  - __osx >=11.0
  - libzlib >=1.3.1,<2.0a0
  license: TCL
  license_family: BSD
  size: 3125538
  timestamp: 1748388189063
- conda: https://conda.anaconda.org/conda-forge/osx-arm64/tornado-6.5.1-py312hea69d52_0.conda
  sha256: 02835bf9f49a7c6f73622614be67dc20f9b5c2ce9f663f427150dc0579007daa
  md5: 375a5a90946ff09cd98b9cf5b833023c
  depends:
  - __osx >=11.0
  - python >=3.12,<3.13.0a0
  - python >=3.12,<3.13.0a0 *_cpython
  - python_abi 3.12.* *_cp312
  license: Apache-2.0
  license_family: Apache
  size: 851614
  timestamp: 1748003575892
- conda: https://conda.anaconda.org/conda-forge/noarch/tzdata-2025b-h78e105d_0.conda
  sha256: 5aaa366385d716557e365f0a4e9c3fca43ba196872abbbe3d56bb610d131e192
  md5: 4222072737ccff51314b5ece9c7d6f5a
  license: LicenseRef-Public-Domain
  size: 122968
  timestamp: 1742727099393
- conda: https://conda.anaconda.org/conda-forge/osx-arm64/unicodedata2-16.0.0-py312hea69d52_0.conda
  sha256: c6ca9ea11eecc650df4bce4b3daa843821def6d753eeab6d81de35bb43f9d984
  md5: 9a835052506b91ea8f0d8e352cd12246
  depends:
  - __osx >=11.0
  - python >=3.12,<3.13.0a0
  - python >=3.12,<3.13.0a0 *_cpython
  - python_abi 3.12.* *_cp312
  license: Apache-2.0
  license_family: Apache
  size: 409745
  timestamp: 1736692768349
- conda: https://conda.anaconda.org/conda-forge/osx-arm64/xorg-libxau-1.0.12-h5505292_0.conda
  sha256: f33e6f013fc36ebc200f09ddead83468544cb5c353a3b50499b07b8c34e28a8d
  md5: 50901e0764b7701d8ed7343496f4f301
  depends:
  - __osx >=11.0
  license: MIT
  license_family: MIT
  size: 13593
  timestamp: 1734229104321
- conda: https://conda.anaconda.org/conda-forge/osx-arm64/xorg-libxdmcp-1.1.5-hd74edd7_0.conda
  sha256: 9939a166d780700d81023546759102b33fdc2c5f11ef09f5f66c77210fd334c8
  md5: 77c447f48cab5d3a15ac224edb86a968
  depends:
  - __osx >=11.0
  license: MIT
  license_family: MIT
  size: 18487
  timestamp: 1727795205022
- conda: https://conda.anaconda.org/conda-forge/osx-arm64/zstd-1.5.7-h6491c7d_2.conda
  sha256: 0d02046f57f7a1a3feae3e9d1aa2113788311f3cf37a3244c71e61a93177ba67
  md5: e6f69c7bcccdefa417f056fa593b40f0
  depends:
  - __osx >=11.0
  - libzlib >=1.3.1,<2.0a0
  license: BSD-3-Clause
  license_family: BSD
  size: 399979
  timestamp: 1742433432699
